
Microsoft Visual Studio Solution File, Format Version 12.00
# Visual Studio Version 17
VisualStudioVersion = 17.9.34622.214
MinimumVisualStudioVersion = 10.0.40219.1
Project("{FAE04EC0-301F-11D3-BF4B-00C04F79EFBC}") = "AGRevitCommandSimple", "AGRevitCommandSimple.csproj", "{192FFC77-B860-444B-BF26-0FAD778F6F7B}"
EndProject
Global
	GlobalSection(SolutionConfigurationPlatforms) = preSolution
		Debug R21|Any CPU = Debug R21|Any CPU
		Debug|Any CPU = Debug|Any CPU
		Release R21|Any CPU = Release R21|Any CPU
		Release|Any CPU = Release|Any CPU
	EndGlobalSection
	GlobalSection(ProjectConfigurationPlatforms) = postSolution
		{192FFC77-B860-444B-BF26-0FAD778F6F7B}.Debug R21|Any CPU.ActiveCfg = Debug R21|Any CPU
		{192FFC77-B860-444B-BF26-0FAD778F6F7B}.Debug R21|Any CPU.Build.0 = Debug R21|Any CPU
		{192FFC77-B860-444B-BF26-0FAD778F6F7B}.Debug|Any CPU.ActiveCfg = Debug|Any CPU
		{192FFC77-B860-444B-BF26-0FAD778F6F7B}.Debug|Any CPU.Build.0 = Debug|Any CPU
		{192FFC77-B860-444B-BF26-0FAD778F6F7B}.Release R21|Any CPU.ActiveCfg = Release R21|Any CPU
		{192FFC77-B860-444B-BF26-0FAD778F6F7B}.Release R21|Any CPU.Build.0 = Release R21|Any CPU
		{192FFC77-B860-444B-BF26-0FAD778F6F7B}.Release|Any CPU.ActiveCfg = Release|Any CPU
		{192FFC77-B860-444B-BF26-0FAD778F6F7B}.Release|Any CPU.Build.0 = Release|Any CPU
	EndGlobalSection
	GlobalSection(SolutionProperties) = preSolution
		HideSolutionNode = FALSE
	EndGlobalSection
	GlobalSection(ExtensibilityGlobals) = postSolution
		SolutionGuid = {0B2DA850-F93C-4703-9679-2A3C20FA8E94}
	EndGlobalSection
EndGlobal
